{
  "name": "devby",
  "version": "0.6.0",
  "lockfileVersion": 3,
  "requires": true,
  "packages": {
    "": {
      "name": "devby",
      "version": "0.6.0-alpha.0",
      "license": "MIT",
      "bin": {
        "devby": "bin/run"
      },
      "devDependencies": {
        "vislite": "^0.4.1"
      }
    },
    "node_modules/vislite": {
      "version": "0.4.1",
      "resolved": "https://registry.npmmirror.com/vislite/-/vislite-0.4.1.tgz",
      "integrity": "sha512-TnGJnc5QOgoinWCVRDmCi3MYqAsIYRzrjtTppKtF2yAcZ3ETnBZKuw8sjWbUo/B3N+jbAZn08nMHEyWgdGQL8Q==",
      "dev": true
    }
  }
}
